# @generated - this file is auto-generated by `mise lock` https://mise.en.dev/dev-tools/mise-lock.html

[[tools.hk]]
version = "1.48.0"
backend = "aqua:jdx/hk"

[tools.hk."platforms.linux-arm64"]
checksum = "sha256:d72463103d9682094e9b1fb2f20ef8824d1ec7a9b23f79163921bac7785fcd51"
url = "https://github.com/jdx/hk/releases/download/v1.48.0/hk-aarch64-unknown-linux-gnu.tar.gz"

[tools.hk."platforms.linux-x64"]
checksum = "sha256:6b7f9a28391a8b13b88208d723cbde7b945d095cbb03455c7dd5f8df551ed380"
url = "https://github.com/jdx/hk/releases/download/v1.48.0/hk-x86_64-unknown-linux-gnu.tar.gz"

[tools.hk."platforms.macos-arm64"]
checksum = "sha256:e3985a14f41ba5eb849bf79502ad19201d0a582114a5ebe35a9afff16742024b"
url = "https://github.com/jdx/hk/releases/download/v1.48.0/hk-aarch64-apple-darwin.tar.gz"
