# @generated - this file is auto-generated by `mise lock` https://mise.en.dev/dev-tools/mise-lock.html

[[tools.hk]]
version = "1.47.0"
backend = "aqua:jdx/hk"

[tools.hk."platforms.linux-arm64"]
checksum = "sha256:61250d1d3505ca6814aadb7edcde69054a757cb04bd7d20ffd3a0103494e700a"
url = "https://github.com/jdx/hk/releases/download/v1.47.0/hk-aarch64-unknown-linux-gnu.tar.gz"

[tools.hk."platforms.linux-x64"]
checksum = "sha256:4b10b3f9ecf5b95035f96ce45fd58cab81b255b894c52c4651e444e2f7a261f6"
url = "https://github.com/jdx/hk/releases/download/v1.47.0/hk-x86_64-unknown-linux-gnu.tar.gz"

[tools.hk."platforms.macos-arm64"]
checksum = "sha256:3c2a5c8af797bfe7c6f91930966135d62d06222fafbfd3ecaba3eb2d48943ac3"
url = "https://github.com/jdx/hk/releases/download/v1.47.0/hk-aarch64-apple-darwin.tar.gz"
