version: 6
environments:
  default:
    channels:
    - url: https://conda.anaconda.org/conda-forge/
    options:
      pypi-prerelease-mode: if-necessary-or-explicit
    packages: {}
  lint:
    channels:
    - url: https://conda.anaconda.org/conda-forge/
    options:
      pypi-prerelease-mode: if-necessary-or-explicit
    packages:
      linux-64:
      - conda: https://conda.anaconda.org/conda-forge/linux-64/_openmp_mutex-4.5-20_gnu.conda
      - conda: https://conda.anaconda.org/conda-forge/linux-64/libgcc-15.2.0-he0feb66_17.conda
      - conda: https://conda.anaconda.org/conda-forge/linux-64/libgomp-15.2.0-he0feb66_17.conda
      - conda: https://conda.anaconda.org/conda-forge/linux-64/prek-0.3.2-hb17b654_0.conda
      linux-aarch64:
      - conda: https://conda.anaconda.org/conda-forge/linux-aarch64/_openmp_mutex-4.5-20_gnu.conda
      - conda: https://conda.anaconda.org/conda-forge/linux-aarch64/libgcc-15.2.0-h8acb6b2_17.conda
      - conda: https://conda.anaconda.org/conda-forge/linux-aarch64/libgomp-15.2.0-h8acb6b2_17.conda
      - conda: https://conda.anaconda.org/conda-forge/linux-aarch64/prek-0.3.2-h069e38c_0.conda
      osx-64:
      - conda: https://conda.anaconda.org/conda-forge/osx-64/prek-0.3.2-ha9c3995_0.conda
      osx-arm64:
      - conda: https://conda.anaconda.org/conda-forge/osx-arm64/prek-0.3.2-h6fdd925_0.conda
packages:
- conda: https://conda.anaconda.org/conda-forge/linux-64/_openmp_mutex-4.5-20_gnu.conda
  build_number: 20
  sha256: 1dd3fffd892081df9726d7eb7e0dea6198962ba775bd88842135a4ddb4deb3c9
  md5: a9f577daf3de00bca7c3c76c0ecbd1de
  depends:
  - __glibc >=2.17,<3.0.a0
  - libgomp >=7.5.0
  constrains:
  - openmp_impl <0.0a0
  license: BSD-3-Clause
  size: 28948
  timestamp: 1770939786096
- conda: https://conda.anaconda.org/conda-forge/linux-aarch64/_openmp_mutex-4.5-20_gnu.conda
  build_number: 20
  sha256: a2527b1d81792a0ccd2c05850960df119c2b6d8f5fdec97f2db7d25dc23b1068
  md5: 468fd3bb9e1f671d36c2cbc677e56f1d
  depends:
  - libgomp >=7.5.0
  constrains:
  - openmp_impl <0.0a0
  license: BSD-3-Clause
  size: 28926
  timestamp: 1770939656741
- conda: https://conda.anaconda.org/conda-forge/linux-64/libgcc-15.2.0-he0feb66_17.conda
  sha256: 43860222cf3abf04ded0cf24541a105aa388e0e1d4d6ca46258e186d4e87ae3e
  md5: 3c281169ea25b987311400d7a7e28445
  depends:
  - __glibc >=2.17,<3.0.a0
  - _openmp_mutex >=4.5
  constrains:
  - libgcc-ng ==15.2.0=*_17
  - libgomp 15.2.0 he0feb66_17
  license: GPL-3.0-only WITH GCC-exception-3.1
  license_family: GPL
  size: 1040478
  timestamp: 1770252533873
- conda: https://conda.anaconda.org/conda-forge/linux-aarch64/libgcc-15.2.0-h8acb6b2_17.conda
  sha256: 3709e656917d282b5d3d78928a7a101bd638aaa9d17fb8689e6f95428d519056
  md5: 0d842d2053b95a6dbb83554948e7cbfe
  depends:
  - _openmp_mutex >=4.5
  constrains:
  - libgomp 15.2.0 h8acb6b2_17
  - libgcc-ng ==15.2.0=*_17
  license: GPL-3.0-only WITH GCC-exception-3.1
  license_family: GPL
  size: 622154
  timestamp: 1770252127670
- conda: https://conda.anaconda.org/conda-forge/linux-64/libgomp-15.2.0-he0feb66_17.conda
  sha256: b961b5dd9761907a7179678b58a69bb4fc16b940eb477f635aea3aec0a3f17a6
  md5: 51b78c6a757575c0d12f4401ffc67029
  depends:
  - __glibc >=2.17,<3.0.a0
  license: GPL-3.0-only WITH GCC-exception-3.1
  license_family: GPL
  size: 603334
  timestamp: 1770252441199
- conda: https://conda.anaconda.org/conda-forge/linux-aarch64/libgomp-15.2.0-h8acb6b2_17.conda
  sha256: ffa6169ef78e5333ecb08152141932c5f8ca4f4d3742b1a5eec67173e70b907a
  md5: 0ad9074c91b35dbf8b58bc68a9f9bda0
  license: GPL-3.0-only WITH GCC-exception-3.1
  license_family: GPL
  size: 587183
  timestamp: 1770252042141
- conda: https://conda.anaconda.org/conda-forge/linux-64/prek-0.3.2-hb17b654_0.conda
  sha256: 0a8c4c3408230fc57d1ec9a191216a5ea0460550c62b6547d436e25dfc77166f
  md5: 602ce073650edcc498348b4527d9cd53
  depends:
  - __glibc >=2.17,<3.0.a0
  - libgcc >=14
  constrains:
  - __glibc >=2.17
  license: MIT
  license_family: MIT
  size: 5068666
  timestamp: 1770398226221
- conda: https://conda.anaconda.org/conda-forge/linux-aarch64/prek-0.3.2-h069e38c_0.conda
  sha256: 0426ba06141d6c0201e305dc75600e347f153e566690c2ca69c0dbd61e1f62af
  md5: a09f7cc3aced8a6e8f5fdb890ae97811
  depends:
  - libgcc >=14
  constrains:
  - __glibc >=2.17
  license: MIT
  license_family: MIT
  size: 4887079
  timestamp: 1770398230065
- conda: https://conda.anaconda.org/conda-forge/osx-64/prek-0.3.2-ha9c3995_0.conda
  sha256: d546ac7806871345b812ec07e64194f6fa4c4e35ce98d21ef2c072846786f7f2
  md5: 9a71d7974bba83b207951e386d1a30e0
  depends:
  - __osx >=10.13
  constrains:
  - __osx >=10.13
  license: MIT
  license_family: MIT
  size: 5021848
  timestamp: 1770398420936
- conda: https://conda.anaconda.org/conda-forge/osx-arm64/prek-0.3.2-h6fdd925_0.conda
  sha256: cae10659e0959bf4b37fc7b57478338cccfb039a981964fa68d87e975f1ff78a
  md5: b063cf5890fcbcf8d88d3c6ca0e753e8
  depends:
  - __osx >=11.0
  constrains:
  - __osx >=11.0
  license: MIT
  license_family: MIT
  size: 4651080
  timestamp: 1770398422612
